// !$*UTF8*$!
{
	archiveVersion = 1;
	classes = {
	};
	objectVersion = 46;
	objects = {

/* Begin PBXBuildFile section */
		6762B1551BF279ED004A289F /* main.m in Sources */ = {isa = PBXBuildFile; fileRef = 6762B1541BF279ED004A289F /* main.m */; };
		6762B1581BF279ED004A289F /* AppDelegate.m in Sources */ = {isa = PBXBuildFile; fileRef = 6762B1571BF279ED004A289F /* AppDelegate.m */; };
		6762B15E1BF279ED004A289F /* Main.storyboard in Resources */ = {isa = PBXBuildFile; fileRef = 6762B15C1BF279ED004A289F /* Main.storyboard */; };
		6762B1601BF279ED004A289F /* Assets.xcassets in Resources */ = {isa = PBXBuildFile; fileRef = 6762B15F1BF279ED004A289F /* Assets.xcassets */; };
		6762B1631BF279ED004A289F /* LaunchScreen.storyboard in Resources */ = {isa = PBXBuildFile; fileRef = 6762B1611BF279ED004A289F /* LaunchScreen.storyboard */; };
		6762B16E1BF279ED004A289F /* ShihChi_Lin_Lab4Tests.m in Sources */ = {isa = PBXBuildFile; fileRef = 6762B16D1BF279ED004A289F /* ShihChi_Lin_Lab4Tests.m */; };
		6762B1791BF279ED004A289F /* ShihChi_Lin_Lab4UITests.m in Sources */ = {isa = PBXBuildFile; fileRef = 6762B1781BF279ED004A289F /* ShihChi_Lin_Lab4UITests.m */; };
		6762B18A1BF2827A004A289F /* Task.m in Sources */ = {isa = PBXBuildFile; fileRef = 6762B1871BF2827A004A289F /* Task.m */; };
		6762B18B1BF2827A004A289F /* TaskList.m in Sources */ = {isa = PBXBuildFile; fileRef = 6762B1891BF2827A004A289F /* TaskList.m */; };
		6762B18E1BF285A7004A289F /* TaskListTableViewController.m in Sources */ = {isa = PBXBuildFile; fileRef = 6762B18D1BF285A7004A289F /* TaskListTableViewController.m */; };
		6762B1911BF285C0004A289F /* EditTaskViewController.m in Sources */ = {isa = PBXBuildFile; fileRef = 6762B1901BF285C0004A289F /* EditTaskViewController.m */; };
		6762B1941BF285D7004A289F /* DueDateViewController.m in Sources */ = {isa = PBXBuildFile; fileRef = 6762B1931BF285D7004A289F /* DueDateViewController.m */; };
		6762B1971BF285F6004A289F /* PriorityViewController.m in Sources */ = {isa = PBXBuildFile; fileRef = 6762B1961BF285F6004A289F /* PriorityViewController.m */; };
/* End PBXBuildFile section */

/* Begin PBXContainerItemProxy section */
		6762B16A1BF279ED004A289F /* PBXContainerItemProxy */ = {
			isa = PBXContainerItemProxy;
			containerPortal = 6762B1481BF279ED004A289F /* Project object */;
			proxyType = 1;
			remoteGlobalIDString = 6762B14F1BF279ED004A289F;
			remoteInfo = ShihChi_Lin_Lab4;
		};
		6762B1751BF279ED004A289F /* PBXContainerItemProxy */ = {
			isa = PBXContainerItemProxy;
			containerPortal = 6762B1481BF279ED004A289F /* Project object */;
			proxyType = 1;
			remoteGlobalIDString = 6762B14F1BF279ED004A289F;
			remoteInfo = ShihChi_Lin_Lab4;
		};
/* End PBXContainerItemProxy section */

/* Begin PBXFileReference section */
		6762B1501BF279ED004A289F /* ShihChi_Lin_Lab4.app */ = {isa = PBXFileReference; explicitFileType = wrapper.application; includeInIndex = 0; path = ShihChi_Lin_Lab4.app; sourceTree = BUILT_PRODUCTS_DIR; };
		6762B1541BF279ED004A289F /* main.m */ = {isa = PBXFileReference; lastKnownFileType = sourcecode.c.objc; path = main.m; sourceTree = "<group>"; };
		6762B1561BF279ED004A289F /* AppDelegate.h */ = {isa = PBXFileReference; lastKnownFileType = sourcecode.c.h; path = AppDelegate.h; sourceTree = "<group>"; };
		6762B1571BF279ED004A289F /* AppDelegate.m */ = {isa = PBXFileReference; lastKnownFileType = sourcecode.c.objc; path = AppDelegate.m; sourceTree = "<group>"; };
		6762B15D1BF279ED004A289F /* Base */ = {isa = PBXFileReference; lastKnownFileType = file.storyboard; name = Base; path = Base.lproj/Main.storyboard; sourceTree = "<group>"; };
		6762B15F1BF279ED004A289F /* Assets.xcassets */ = {isa = PBXFileReference; lastKnownFileType = folder.assetcatalog; path = Assets.xcassets; sourceTree = "<group>"; };
		6762B1621BF279ED004A289F /* Base */ = {isa = PBXFileReference; lastKnownFileType = file.storyboard; name = Base; path = Base.lproj/LaunchScreen.storyboard; sourceTree = "<group>"; };
		6762B1641BF279ED004A289F /* Info.plist */ = {isa = PBXFileReference; lastKnownFileType = text.plist.xml; path = Info.plist; sourceTree = "<group>"; };
		6762B1691BF279ED004A289F /* ShihChi_Lin_Lab4Tests.xctest */ = {isa = PBXFileReference; explicitFileType = wrapper.cfbundle; includeInIndex = 0; path = ShihChi_Lin_Lab4Tests.xctest; sourceTree = BUILT_PRODUCTS_DIR; };
		6762B16D1BF279ED004A289F /* ShihChi_Lin_Lab4Tests.m */ = {isa = PBXFileReference; lastKnownFileType = sourcecode.c.objc; path = ShihChi_Lin_Lab4Tests.m; sourceTree = "<group>"; };
		6762B16F1BF279ED004A289F /* Info.plist */ = {isa = PBXFileReference; lastKnownFileType = text.plist.xml; path = Info.plist; sourceTree = "<group>"; };
		6762B1741BF279ED004A289F /* ShihChi_Lin_Lab4UITests.xctest */ = {isa = PBXFileReference; explicitFileType = wrapper.cfbundle; includeInIndex = 0; path = ShihChi_Lin_Lab4UITests.xctest; sourceTree = BUILT_PRODUCTS_DIR; };
		6762B1781BF279ED004A289F /* ShihChi_Lin_Lab4UITests.m */ = {isa = PBXFileReference; lastKnownFileType = sourcecode.c.objc; path = ShihChi_Lin_Lab4UITests.m; sourceTree = "<group>"; };
		6762B17A1BF279ED004A289F /* Info.plist */ = {isa = PBXFileReference; lastKnownFileType = text.plist.xml; path = Info.plist; sourceTree = "<group>"; };
		6762B1861BF2827A004A289F /* Task.h */ = {isa = PBXFileReference; fileEncoding = 4; lastKnownFileType = sourcecode.c.h; name = Task.h; path = "../../Temple 2015 Fall/iOS Programming/Lab2/Lab2/Task.h"; sourceTree = "<group>"; };
		6762B1871BF2827A004A289F /* Task.m */ = {isa = PBXFileReference; fileEncoding = 4; lastKnownFileType = sourcecode.c.objc; name = Task.m; path = "../../Temple 2015 Fall/iOS Programming/Lab2/Lab2/Task.m"; sourceTree = "<group>"; };
		6762B1881BF2827A004A289F /* TaskList.h */ = {isa = PBXFileReference; fileEncoding = 4; lastKnownFileType = sourcecode.c.h; name = TaskList.h; path = "../../Temple 2015 Fall/iOS Programming/Lab2/Lab2/TaskList.h"; sourceTree = "<group>"; };
		6762B1891BF2827A004A289F /* TaskList.m */ = {isa = PBXFileReference; fileEncoding = 4; lastKnownFileType = sourcecode.c.objc; name = TaskList.m; path = "../../Temple 2015 Fall/iOS Programming/Lab2/Lab2/TaskList.m"; sourceTree = "<group>"; };
		6762B18C1BF285A7004A289F /* TaskListTableViewController.h */ = {isa = PBXFileReference; fileEncoding = 4; lastKnownFileType = sourcecode.c.h; path = TaskListTableViewController.h; sourceTree = "<group>"; };
		6762B18D1BF285A7004A289F /* TaskListTableViewController.m */ = {isa = PBXFileReference; fileEncoding = 4; lastKnownFileType = sourcecode.c.objc; path = TaskListTableViewController.m; sourceTree = "<group>"; };
		6762B18F1BF285C0004A289F /* EditTaskViewController.h */ = {isa = PBXFileReference; fileEncoding = 4; lastKnownFileType = sourcecode.c.h; path = EditTaskViewController.h; sourceTree = "<group>"; };
		6762B1901BF285C0004A289F /* EditTaskViewController.m */ = {isa = PBXFileReference; fileEncoding = 4; lastKnownFileType = sourcecode.c.objc; path = EditTaskViewController.m; sourceTree = "<group>"; };
		6762B1921BF285D7004A289F /* DueDateViewController.h */ = {isa = PBXFileReference; fileEncoding = 4; lastKnownFileType = sourcecode.c.h; path = DueDateViewController.h; sourceTree = "<group>"; };
		6762B1931BF285D7004A289F /* DueDateViewController.m */ = {isa = PBXFileReference; fileEncoding = 4; lastKnownFileType = sourcecode.c.objc; path = DueDateViewController.m; sourceTree = "<group>"; };
		6762B1951BF285F6004A289F /* PriorityViewController.h */ = {isa = PBXFileReference; fileEncoding = 4; lastKnownFileType = sourcecode.c.h; path = PriorityViewController.h; sourceTree = "<group>"; };
		6762B1961BF285F6004A289F /* PriorityViewController.m */ = {isa = PBXFileReference; fileEncoding = 4; lastKnownFileType = sourcecode.c.objc; path = PriorityViewController.m; sourceTree = "<group>"; };
/* End PBXFileReference section */

/* Begin PBXFrameworksBuildPhase section */
		6762B14D1BF279ED004A289F /* Frameworks */ = {
			isa = PBXFrameworksBuildPhase;
			buildActionMask = 2147483647;
			files = (
			);
			runOnlyForDeploymentPostprocessing = 0;
		};
		6762B1661BF279ED004A289F /* Frameworks */ = {
			isa = PBXFrameworksBuildPhase;
			buildActionMask = 2147483647;
			files = (
			);
			runOnlyForDeploymentPostprocessing = 0;
		};
		6762B1711BF279ED004A289F /* Frameworks */ = {
			isa = PBXFrameworksBuildPhase;
			buildActionMask = 2147483647;
			files = (
			);
			runOnlyForDeploymentPostprocessing = 0;
		};
/* End PBXFrameworksBuildPhase section */

/* Begin PBXGroup section */
		67019B511BF675E60067BF3B /* Tasks */ = {
			isa = PBXGroup;
			children = (
				6762B1861BF2827A004A289F /* Task.h */,
				6762B1871BF2827A004A289F /* Task.m */,
				6762B1881BF2827A004A289F /* TaskList.h */,
				6762B1891BF2827A004A289F /* TaskList.m */,
			);
			name = Tasks;
			sourceTree = "<group>";
		};
		67019B521BF675F50067BF3B /* App Delegate */ = {
			isa = PBXGroup;
			children = (
				6762B1561BF279ED004A289F /* AppDelegate.h */,
				6762B1571BF279ED004A289F /* AppDelegate.m */,
			);
			name = "App Delegate";
			sourceTree = "<group>";
		};
		67019B531BF676010067BF3B /* Class */ = {
			isa = PBXGroup;
			children = (
				6762B18C1BF285A7004A289F /* TaskListTableViewController.h */,
				6762B18D1BF285A7004A289F /* TaskListTableViewController.m */,
				6762B18F1BF285C0004A289F /* EditTaskViewController.h */,
				6762B1901BF285C0004A289F /* EditTaskViewController.m */,
				6762B1951BF285F6004A289F /* PriorityViewController.h */,
				6762B1961BF285F6004A289F /* PriorityViewController.m */,
				6762B1921BF285D7004A289F /* DueDateViewController.h */,
				6762B1931BF285D7004A289F /* DueDateViewController.m */,
			);
			name = Class;
			sourceTree = "<group>";
		};
		6762B1471BF279ED004A289F = {
			isa = PBXGroup;
			children = (
				6762B1521BF279ED004A289F /* ShihChi_Lin_Lab4 */,
				6762B16C1BF279ED004A289F /* ShihChi_Lin_Lab4Tests */,
				6762B1771BF279ED004A289F /* ShihChi_Lin_Lab4UITests */,
				6762B1511BF279ED004A289F /* Products */,
			);
			sourceTree = "<group>";
		};
		6762B1511BF279ED004A289F /* Products */ = {
			isa = PBXGroup;
			children = (
				6762B1501BF279ED004A289F /* ShihChi_Lin_Lab4.app */,
				6762B1691BF279ED004A289F /* ShihChi_Lin_Lab4Tests.xctest */,
				6762B1741BF279ED004A289F /* ShihChi_Lin_Lab4UITests.xctest */,
			);
			name = Products;
			sourceTree = "<group>";
		};
		6762B1521BF279ED004A289F /* ShihChi_Lin_Lab4 */ = {
			isa = PBXGroup;
			children = (
				67019B511BF675E60067BF3B /* Tasks */,
				67019B521BF675F50067BF3B /* App Delegate */,
				6762B15C1BF279ED004A289F /* Main.storyboard */,
				67019B531BF676010067BF3B /* Class */,
				6762B15F1BF279ED004A289F /* Assets.xcassets */,
				6762B1611BF279ED004A289F /* LaunchScreen.storyboard */,
				6762B1641BF279ED004A289F /* Info.plist */,
				6762B1531BF279ED004A289F /* Supporting Files */,
			);
			path = ShihChi_Lin_Lab4;
			sourceTree = "<group>";
		};
		6762B1531BF279ED004A289F /* Supporting Files */ = {
			isa = PBXGroup;
			children = (
				6762B1541BF279ED004A289F /* main.m */,
			);
			name = "Supporting Files";
			sourceTree = "<group>";
		};
		6762B16C1BF279ED004A289F /* ShihChi_Lin_Lab4Tests */ = {
			isa = PBXGroup;
			children = (
				6762B16D1BF279ED004A289F /* ShihChi_Lin_Lab4Tests.m */,
				6762B16F1BF279ED004A289F /* Info.plist */,
			);
			path = ShihChi_Lin_Lab4Tests;
			sourceTree = "<group>";
		};
		6762B1771BF279ED004A289F /* ShihChi_Lin_Lab4UITests */ = {
			isa = PBXGroup;
			children = (
				6762B1781BF279ED004A289F /* ShihChi_Lin_Lab4UITests.m */,
				6762B17A1BF279ED004A289F /* Info.plist */,
			);
			path = ShihChi_Lin_Lab4UITests;
			sourceTree = "<group>";
		};
/* End PBXGroup section */

/* Begin PBXNativeTarget section */
		6762B14F1BF279ED004A289F /* ShihChi_Lin_Lab4 */ = {
			isa = PBXNativeTarget;
			buildConfigurationList = 6762B17D1BF279ED004A289F /* Build configuration list for PBXNativeTarget "ShihChi_Lin_Lab4" */;
			buildPhases = (
				6762B14C1BF279ED004A289F /* Sources */,
				6762B14D1BF279ED004A289F /* Frameworks */,
				6762B14E1BF279ED004A289F /* Resources */,
			);
			buildRules = (
			);
			dependencies = (
			);
			name = ShihChi_Lin_Lab4;
			productName = ShihChi_Lin_Lab4;
			productReference = 6762B1501BF279ED004A289F /* ShihChi_Lin_Lab4.app */;
			productType = "com.apple.product-type.application";
		};
		6762B1681BF279ED004A289F /* ShihChi_Lin_Lab4Tests */ = {
			isa = PBXNativeTarget;
			buildConfigurationList = 6762B1801BF279ED004A289F /* Build configuration list for PBXNativeTarget "ShihChi_Lin_Lab4Tests" */;
			buildPhases = (
				6762B1651BF279ED004A289F /* Sources */,
				6762B1661BF279ED004A289F /* Frameworks */,
				6762B1671BF279ED004A289F /* Resources */,
			);
			buildRules = (
			);
			dependencies = (
				6762B16B1BF279ED004A289F /* PBXTargetDependency */,
			);
			name = ShihChi_Lin_Lab4Tests;
			productName = ShihChi_Lin_Lab4Tests;
			productReference = 6762B1691BF279ED004A289F /* ShihChi_Lin_Lab4Tests.xctest */;
			productType = "com.apple.product-type.bundle.unit-test";
		};
		6762B1731BF279ED004A289F /* ShihChi_Lin_Lab4UITests */ = {
			isa = PBXNativeTarget;
			buildConfigurationList = 6762B1831BF279ED004A289F /* Build configuration list for PBXNativeTarget "ShihChi_Lin_Lab4UITests" */;
			buildPhases = (
				6762B1701BF279ED004A289F /* Sources */,
				6762B1711BF279ED004A289F /* Frameworks */,
				6762B1721BF279ED004A289F /* Resources */,
			);
			buildRules = (
			);
			dependencies = (
				6762B1761BF279ED004A289F /* PBXTargetDependency */,
			);
			name = ShihChi_Lin_Lab4UITests;
			productName = ShihChi_Lin_Lab4UITests;
			productReference = 6762B1741BF279ED004A289F /* ShihChi_Lin_Lab4UITests.xctest */;
			productType = "com.apple.product-type.bundle.ui-testing";
		};
/* End PBXNativeTarget section */

/* Begin PBXProject section */
		6762B1481BF279ED004A289F /* Project object */ = {
			isa = PBXProject;
			attributes = {
				LastUpgradeCheck = 0710;
				ORGANIZATIONNAME = "Shih Chi Lin";
				TargetAttributes = {
					6762B14F1BF279ED004A289F = {
						CreatedOnToolsVersion = 7.1;
						DevelopmentTeam = SNDW4UT5VM;
					};
					6762B1681BF279ED004A289F = {
						CreatedOnToolsVersion = 7.1;
						DevelopmentTeam = SNDW4UT5VM;
						TestTargetID = 6762B14F1BF279ED004A289F;
					};
					6762B1731BF279ED004A289F = {
						CreatedOnToolsVersion = 7.1;
						DevelopmentTeam = SNDW4UT5VM;
						TestTargetID = 6762B14F1BF279ED004A289F;
					};
				};
			};
			buildConfigurationList = 6762B14B1BF279ED004A289F /* Build configuration list for PBXProject "ShihChi_Lin_Lab4" */;
			compatibilityVersion = "Xcode 3.2";
			developmentRegion = English;
			hasScannedForEncodings = 0;
			knownRegions = (
				en,
				Base,
			);
			mainGroup = 6762B1471BF279ED004A289F;
			productRefGroup = 6762B1511BF279ED004A289F /* Products */;
			projectDirPath = "";
			projectRoot = "";
			targets = (
				6762B14F1BF279ED004A289F /* ShihChi_Lin_Lab4 */,
				6762B1681BF279ED004A289F /* ShihChi_Lin_Lab4Tests */,
				6762B1731BF279ED004A289F /* ShihChi_Lin_Lab4UITests */,
			);
		};
/* End PBXProject section */

/* Begin PBXResourcesBuildPhase section */
		6762B14E1BF279ED004A289F /* Resources */ = {
			isa = PBXResourcesBuildPhase;
			buildActionMask = 2147483647;
			files = (
				6762B1631BF279ED004A289F /* LaunchScreen.storyboard in Resources */,
				6762B1601BF279ED004A289F /* Assets.xcassets in Resources */,
				6762B15E1BF279ED004A289F /* Main.storyboard in Resources */,
			);
			runOnlyForDeploymentPostprocessing = 0;
		};
		6762B1671BF279ED004A289F /* Resources */ = {
			isa = PBXResourcesBuildPhase;
			buildActionMask = 2147483647;
			files = (
			);
			runOnlyForDeploymentPostprocessing = 0;
		};
		6762B1721BF279ED004A289F /* Resources */ = {
			isa = PBXResourcesBuildPhase;
			buildActionMask = 2147483647;
			files = (
			);
			runOnlyForDeploymentPostprocessing = 0;
		};
/* End PBXResourcesBuildPhase section */

/* Begin PBXSourcesBuildPhase section */
		6762B14C1BF279ED004A289F /* Sources */ = {
			isa = PBXSourcesBuildPhase;
			buildActionMask = 2147483647;
			files = (
				6762B18A1BF2827A004A289F /* Task.m in Sources */,
				6762B1941BF285D7004A289F /* DueDateViewController.m in Sources */,
				6762B18B1BF2827A004A289F /* TaskList.m in Sources */,
				6762B1581BF279ED004A289F /* AppDelegate.m in Sources */,
				6762B1971BF285F6004A289F /* PriorityViewController.m in Sources */,
				6762B1911BF285C0004A289F /* EditTaskViewController.m in Sources */,
				6762B1551BF279ED004A289F /* main.m in Sources */,
				6762B18E1BF285A7004A289F /* TaskListTableViewController.m in Sources */,
			);
			runOnlyForDeploymentPostprocessing = 0;
		};
		6762B1651BF279ED004A289F /* Sources */ = {
			isa = PBXSourcesBuildPhase;
			buildActionMask = 2147483647;
			files = (
				6762B16E1BF279ED004A289F /* ShihChi_Lin_Lab4Tests.m in Sources */,
			);
			runOnlyForDeploymentPostprocessing = 0;
		};
		6762B1701BF279ED004A289F /* Sources */ = {
			isa = PBXSourcesBuildPhase;
			buildActionMask = 2147483647;
			files = (
				6762B1791BF279ED004A289F /* ShihChi_Lin_Lab4UITests.m in Sources */,
			);
			runOnlyForDeploymentPostprocessing = 0;
		};
/* End PBXSourcesBuildPhase section */

/* Begin PBXTargetDependency section */
		6762B16B1BF279ED004A289F /* PBXTargetDependency */ = {
			isa = PBXTargetDependency;
			target = 6762B14F1BF279ED004A289F /* ShihChi_Lin_Lab4 */;
			targetProxy = 6762B16A1BF279ED004A289F /* PBXContainerItemProxy */;
		};
		6762B1761BF279ED004A289F /* PBXTargetDependency */ = {
			isa = PBXTargetDependency;
			target = 6762B14F1BF279ED004A289F /* ShihChi_Lin_Lab4 */;
			targetProxy = 6762B1751BF279ED004A289F /* PBXContainerItemProxy */;
		};
/* End PBXTargetDependency section */

/* Begin PBXVariantGroup section */
		6762B15C1BF279ED004A289F /* Main.storyboard */ = {
			isa = PBXVariantGroup;
			children = (
				6762B15D1BF279ED004A289F /* Base */,
			);
			name = Main.storyboard;
			sourceTree = "<group>";
		};
		6762B1611BF279ED004A289F /* LaunchScreen.storyboard */ = {
			isa = PBXVariantGroup;
			children = (
				6762B1621BF279ED004A289F /* Base */,
			);
			name = LaunchScreen.storyboard;
			sourceTree = "<group>";
		};
/* End PBXVariantGroup section */

/* Begin XCBuildConfiguration section */
		6762B17B1BF279ED004A289F /* Debug */ = {
			isa = XCBuildConfiguration;
			buildSettings = {
				ALWAYS_SEARCH_USER_PATHS = NO;
				CLANG_CXX_LANGUAGE_STANDARD = "gnu++0x";
				CLANG_CXX_LIBRARY = "libc++";
				CLANG_ENABLE_MODULES = YES;
				CLANG_ENABLE_OBJC_ARC = YES;
				CLANG_WARN_BOOL_CONVERSION = YES;
				CLANG_WARN_CONSTANT_CONVERSION = YES;
				CLANG_WARN_DIRECT_OBJC_ISA_USAGE = YES_ERROR;
				CLANG_WARN_EMPTY_BODY = YES;
				CLANG_WARN_ENUM_CONVERSION = YES;
				CLANG_WARN_INT_CONVERSION = YES;
				CLANG_WARN_OBJC_ROOT_CLASS = YES_ERROR;
				CLANG_WARN_UNREACHABLE_CODE = YES;
				CLANG_WARN__DUPLICATE_METHOD_MATCH = YES;
				"CODE_SIGN_IDENTITY[sdk=iphoneos*]" = "iPhone Developer";
				COPY_PHASE_STRIP = NO;
				DEBUG_INFORMATION_FORMAT = dwarf;
				ENABLE_STRICT_OBJC_MSGSEND = YES;
				ENABLE_TESTABILITY = YES;
				GCC_C_LANGUAGE_STANDARD = gnu99;
				GCC_DYNAMIC_NO_PIC = NO;
				GCC_NO_COMMON_BLOCKS = YES;
				GCC_OPTIMIZATION_LEVEL = 0;
				GCC_PREPROCESSOR_DEFINITIONS = (
					"DEBUG=1",
					"$(inherited)",
				);
				GCC_WARN_64_TO_32_BIT_CONVERSION = YES;
				GCC_WARN_ABOUT_RETURN_TYPE = YES_ERROR;
				GCC_WARN_UNDECLARED_SELECTOR = YES;
				GCC_WARN_UNINITIALIZED_AUTOS = YES_AGGRESSIVE;
				GCC_WARN_UNUSED_FUNCTION = YES;
				GCC_WARN_UNUSED_VARIABLE = YES;
				IPHONEOS_DEPLOYMENT_TARGET = 9.1;
				MTL_ENABLE_DEBUG_INFO = YES;
				ONLY_ACTIVE_ARCH = YES;
				SDKROOT = iphoneos;
				TARGETED_DEVICE_FAMILY = "1,2";
			};
			name = Debug;
		};
		6762B17C1BF279ED004A289F /* Release */ = {
			isa = XCBuildConfiguration;
			buildSettings = {
				ALWAYS_SEARCH_USER_PATHS = NO;
				CLANG_CXX_LANGUAGE_STANDARD = "gnu++0x";
				CLANG_CXX_LIBRARY = "libc++";
				CLANG_ENABLE_MODULES = YES;
				CLANG_ENABLE_OBJC_ARC = YES;
				CLANG_WARN_BOOL_CONVERSION = YES;
				CLANG_WARN_CONSTANT_CONVERSION = YES;
				CLANG_WARN_DIRECT_OBJC_ISA_USAGE = YES_ERROR;
				CLANG_WARN_EMPTY_BODY = YES;
				CLANG_WARN_ENUM_CONVERSION = YES;
				CLANG_WARN_INT_CONVERSION = YES;
				CLANG_WARN_OBJC_ROOT_CLASS = YES_ERROR;
				CLANG_WARN_UNREACHABLE_CODE = YES;
				CLANG_WARN__DUPLICATE_METHOD_MATCH = YES;
				"CODE_SIGN_IDENTITY[sdk=iphoneos*]" = "iPhone Developer";
				COPY_PHASE_STRIP = NO;
				DEBUG_INFORMATION_FORMAT = "dwarf-with-dsym";
				ENABLE_NS_ASSERTIONS = NO;
				ENABLE_STRICT_OBJC_MSGSEND = YES;
				GCC_C_LANGUAGE_STANDARD = gnu99;
				GCC_NO_COMMON_BLOCKS = YES;
				GCC_WARN_64_TO_32_BIT_CONVERSION = YES;
				GCC_WARN_ABOUT_RETURN_TYPE = YES_ERROR;
				GCC_WARN_UNDECLARED_SELECTOR = YES;
				GCC_WARN_UNINITIALIZED_AUTOS = YES_AGGRESSIVE;
				GCC_WARN_UNUSED_FUNCTION = YES;
				GCC_WARN_UNUSED_VARIABLE = YES;
				IPHONEOS_DEPLOYMENT_TARGET = 9.1;
				MTL_ENABLE_DEBUG_INFO = NO;
				SDKROOT = iphoneos;
				TARGETED_DEVICE_FAMILY = "1,2";
				VALIDATE_PRODUCT = YES;
			};
			name = Release;
		};
		6762B17E1BF279ED004A289F /* Debug */ = {
			isa = XCBuildConfiguration;
			buildSettings = {
				ASSETCATALOG_COMPILER_APPICON_NAME = AppIcon;
				INFOPLIST_FILE = ShihChi_Lin_Lab4/Info.plist;
				LD_RUNPATH_SEARCH_PATHS = "$(inherited) @executable_path/Frameworks";
				PRODUCT_BUNDLE_IDENTIFIER = "com.oslo.ShihChi-Lin-Lab4";
				PRODUCT_NAME = "$(TARGET_NAME)";
			};
			name = Debug;
		};
		6762B17F1BF279ED004A289F /* Release */ = {
			isa = XCBuildConfiguration;
			buildSettings = {
				ASSETCATALOG_COMPILER_APPICON_NAME = AppIcon;
				INFOPLIST_FILE = ShihChi_Lin_Lab4/Info.plist;
				LD_RUNPATH_SEARCH_PATHS = "$(inherited) @executable_path/Frameworks";
				PRODUCT_BUNDLE_IDENTIFIER = "com.oslo.ShihChi-Lin-Lab4";
				PRODUCT_NAME = "$(TARGET_NAME)";
			};
			name = Release;
		};
		6762B1811BF279ED004A289F /* Debug */ = {
			isa = XCBuildConfiguration;
			buildSettings = {
				BUNDLE_LOADER = "$(TEST_HOST)";
				INFOPLIST_FILE = ShihChi_Lin_Lab4Tests/Info.plist;
				LD_RUNPATH_SEARCH_PATHS = "$(inherited) @executable_path/Frameworks @loader_path/Frameworks";
				PRODUCT_BUNDLE_IDENTIFIER = "com.oslo.ShihChi-Lin-Lab4Tests";
				PRODUCT_NAME = "$(TARGET_NAME)";
				TEST_HOST = "$(BUILT_PRODUCTS_DIR)/ShihChi_Lin_Lab4.app/ShihChi_Lin_Lab4";
			};
			name = Debug;
		};
		6762B1821BF279ED004A289F /* Release */ = {
			isa = XCBuildConfiguration;
			buildSettings = {
				BUNDLE_LOADER = "$(TEST_HOST)";
				INFOPLIST_FILE = ShihChi_Lin_Lab4Tests/Info.plist;
				LD_RUNPATH_SEARCH_PATHS = "$(inherited) @executable_path/Frameworks @loader_path/Frameworks";
				PRODUCT_BUNDLE_IDENTIFIER = "com.oslo.ShihChi-Lin-Lab4Tests";
				PRODUCT_NAME = "$(TARGET_NAME)";
				TEST_HOST = "$(BUILT_PRODUCTS_DIR)/ShihChi_Lin_Lab4.app/ShihChi_Lin_Lab4";
			};
			name = Release;
		};
		6762B1841BF279ED004A289F /* Debug */ = {
			isa = XCBuildConfiguration;
			buildSettings = {
				INFOPLIST_FILE = ShihChi_Lin_Lab4UITests/Info.plist;
				LD_RUNPATH_SEARCH_PATHS = "$(inherited) @executable_path/Frameworks @loader_path/Frameworks";
				PRODUCT_BUNDLE_IDENTIFIER = "com.oslo.ShihChi-Lin-Lab4UITests";
				PRODUCT_NAME = "$(TARGET_NAME)";
				TEST_TARGET_NAME = ShihChi_Lin_Lab4;
				USES_XCTRUNNER = YES;
			};
			name = Debug;
		};
		6762B1851BF279ED004A289F /* Release */ = {
			isa = XCBuildConfiguration;
			buildSettings = {
				INFOPLIST_FILE = ShihChi_Lin_Lab4UITests/Info.plist;
				LD_RUNPATH_SEARCH_PATHS = "$(inherited) @executable_path/Frameworks @loader_path/Frameworks";
				PRODUCT_BUNDLE_IDENTIFIER = "com.oslo.ShihChi-Lin-Lab4UITests";
				PRODUCT_NAME = "$(TARGET_NAME)";
				TEST_TARGET_NAME = ShihChi_Lin_Lab4;
				USES_XCTRUNNER = YES;
			};
			name = Release;
		};
/* End XCBuildConfiguration section */

/* Begin XCConfigurationList section */
		6762B14B1BF279ED004A289F /* Build configuration list for PBXProject "ShihChi_Lin_Lab4" */ = {
			isa = XCConfigurationList;
			buildConfigurations = (
				6762B17B1BF279ED004A289F /* Debug */,
				6762B17C1BF279ED004A289F /* Release */,
			);
			defaultConfigurationIsVisible = 0;
			defaultConfigurationName = Release;
		};
		6762B17D1BF279ED004A289F /* Build configuration list for PBXNativeTarget "ShihChi_Lin_Lab4" */ = {
			isa = XCConfigurationList;
			buildConfigurations = (
				6762B17E1BF279ED004A289F /* Debug */,
				6762B17F1BF279ED004A289F /* Release */,
			);
			defaultConfigurationIsVisible = 0;
			defaultConfigurationName = Release;
		};
		6762B1801BF279ED004A289F /* Build configuration list for PBXNativeTarget "ShihChi_Lin_Lab4Tests" */ = {
			isa = XCConfigurationList;
			buildConfigurations = (
				6762B1811BF279ED004A289F /* Debug */,
				6762B1821BF279ED004A289F /* Release */,
			);
			defaultConfigurationIsVisible = 0;
			defaultConfigurationName = Release;
		};
		6762B1831BF279ED004A289F /* Build configuration list for PBXNativeTarget "ShihChi_Lin_Lab4UITests" */ = {
			isa = XCConfigurationList;
			buildConfigurations = (
				6762B1841BF279ED004A289F /* Debug */,
				6762B1851BF279ED004A289F /* Release */,
			);
			defaultConfigurationIsVisible = 0;
			defaultConfigurationName = Release;
		};
/* End XCConfigurationList section */
	};
	rootObject = 6762B1481BF279ED004A289F /* Project object */;
}
